{
    "_readme": [
        "This file locks the dependencies of your project to a known state",
        "Read more about it at http://getcomposer.org/doc/01-basic-usage.md#composer-lock-the-lock-file"
    ],
    "hash": "6e2a6644ea121c3fd3585bb21e9e64e5",
    "packages": [
        {
            "name": "csa/xhprof-persister",
            "version": "1.0.x-dev",
            "source": {
                "type": "git",
                "url": "https://github.com/csarrazi/xhprof-persister.git",
                "reference": "a402eb7e2651d9543fc1544598380f1cb140ddee"
            },
            "dist": {
                "type": "zip",
                "url": "https://api.github.com/repos/csarrazi/xhprof-persister/zipball/a402eb7e2651d9543fc1544598380f1cb140ddee",
                "reference": "a402eb7e2651d9543fc1544598380f1cb140ddee",
                "shasum": ""
            },
            "require": {
                "ext-xhprof": "*",
                "php": ">=5.3.3"
            },
            "suggest": {
                "csa/xhprof-grapher": "Allows creating a callgraph from a trace"
            },
            "type": "library",
            "extra": {
                "branch-alias": {
                    "dev-master": "2.0.x-dev"
                }
            },
            "autoload": {
                "psr-4": {
                    "XhProf\\": "src/"
                }
            },
            "notification-url": "https://packagist.org/downloads/",
            "license": [
                "MIT"
            ],
            "authors": [
                {
                    "name": "Charles Sarrazin",
                    "email": "charles@sarraz.in"
                }
            ],
            "description": "A small abstraction in front of the xhprof extension, with storage support",
            "time": "2014-04-21 12:59:55"
        }
    ],
    "packages-dev": [

    ],
    "aliases": [

    ],
    "minimum-stability": "dev",
    "stability-flags": [

    ],
    "platform": [

    ],
    "platform-dev": [

    ]
}
