{
    "_readme": [
        "This file locks the dependencies of your project to a known state",
        "Read more about it at http://getcomposer.org/doc/01-basic-usage.md#composer-lock-the-lock-file"
    ],
    "hash": "57e9107887658300c02b474513d3b47c",
    "packages": [
        {
            "name": "csa/xhprof-persister",
            "version": "dev-master",
            "source": {
                "type": "git",
                "url": "https://github.com/csarrazi/xhprof-persister.git",
                "reference": "a3bd982fd30b5005a54564d70e65fb164d095803"
            },
            "dist": {
                "type": "zip",
                "url": "https://api.github.com/repos/csarrazi/xhprof-persister/zipball/a3bd982fd30b5005a54564d70e65fb164d095803",
                "reference": "a3bd982fd30b5005a54564d70e65fb164d095803",
                "shasum": ""
            },
            "require": {
                "ext-xhprof": "*",
                "php": ">=5.3.3"
            },
            "suggest": {
                "csa/xhprof-grapher": "Allows creating a callgraph from a trace"
            },
            "type": "library",
            "extra": {
                "branch-alias": {
                    "dev-master": "0.4-dev"
                }
            },
            "autoload": {
                "psr-4": {
                    "XhProf\\": "src/"
                }
            },
            "notification-url": "https://packagist.org/downloads/",
            "license": [
                "MIT"
            ],
            "authors": [
                {
                    "name": "Charles Sarrazin",
                    "email": "charles@sarraz.in"
                }
            ],
            "description": "A small abstraction in front of the xhprof extension, with storage support",
            "time": "2014-01-19 00:32:52"
        }
    ],
    "packages-dev": [

    ],
    "aliases": [

    ],
    "minimum-stability": "dev",
    "stability-flags": [

    ],
    "platform": [

    ],
    "platform-dev": [

    ]
}
